// !$*UTF8*$!
{
	archiveVersion = 1;
	classes = {
	};
	objectVersion = 46;
	objects = {

/* Begin PBXBuildFile section */
		003484A017E0423F00F89020 /* UIKit.framework in Frameworks */ = {isa = PBXBuildFile; fileRef = 0034849F17E0423F00F89020 /* UIKit.framework */; };
		003484A217E0423F00F89020 /* Foundation.framework in Frameworks */ = {isa = PBXBuildFile; fileRef = 003484A117E0423F00F89020 /* Foundation.framework */; };
		003484A417E0423F00F89020 /* CoreGraphics.framework in Frameworks */ = {isa = PBXBuildFile; fileRef = 003484A317E0423F00F89020 /* CoreGraphics.framework */; };
		003484AA17E0423F00F89020 /* InfoPlist.strings in Resources */ = {isa = PBXBuildFile; fileRef = 003484A817E0423F00F89020 /* InfoPlist.strings */; };
		003484AC17E0423F00F89020 /* main.m in Sources */ = {isa = PBXBuildFile; fileRef = 003484AB17E0423F00F89020 /* main.m */; };
		003484B017E0423F00F89020 /* BIDAppDelegate.m in Sources */ = {isa = PBXBuildFile; fileRef = 003484AF17E0423F00F89020 /* BIDAppDelegate.m */; };
		003484B317E0423F00F89020 /* BIDViewController.m in Sources */ = {isa = PBXBuildFile; fileRef = 003484B217E0423F00F89020 /* BIDViewController.m */; };
		003484B617E0423F00F89020 /* BIDViewController.xib in Resources */ = {isa = PBXBuildFile; fileRef = 003484B417E0423F00F89020 /* BIDViewController.xib */; };
/* End PBXBuildFile section */

/* Begin PBXFileReference section */
		0034849B17E0423F00F89020 /* Button Fun.app */ = {isa = PBXFileReference; explicitFileType = wrapper.application; includeInIndex = 0; path = "Button Fun.app"; sourceTree = BUILT_PRODUCTS_DIR; };
		0034849F17E0423F00F89020 /* UIKit.framework */ = {isa = PBXFileReference; lastKnownFileType = wrapper.framework; name = UIKit.framework; path = System/Library/Frameworks/UIKit.framework; sourceTree = SDKROOT; };
		003484A117E0423F00F89020 /* Foundation.framework */ = {isa = PBXFileReference; lastKnownFileType = wrapper.framework; name = Foundation.framework; path = System/Library/Frameworks/Foundation.framework; sourceTree = SDKROOT; };
		003484A317E0423F00F89020 /* CoreGraphics.framework */ = {isa = PBXFileReference; lastKnownFileType = wrapper.framework; name = CoreGraphics.framework; path = System/Library/Frameworks/CoreGraphics.framework; sourceTree = SDKROOT; };
		003484A717E0423F00F89020 /* Button Fun-Info.plist */ = {isa = PBXFileReference; lastKnownFileType = text.plist.xml; path = "Button Fun-Info.plist"; sourceTree = "<group>"; };
		003484A917E0423F00F89020 /* en */ = {isa = PBXFileReference; lastKnownFileType = text.plist.strings; name = en; path = en.lproj/InfoPlist.strings; sourceTree = "<group>"; };
		003484AB17E0423F00F89020 /* main.m */ = {isa = PBXFileReference; lastKnownFileType = sourcecode.c.objc; path = main.m; sourceTree = "<group>"; };
		003484AD17E0423F00F89020 /* Button Fun-Prefix.pch */ = {isa = PBXFileReference; lastKnownFileType = sourcecode.c.h; path = "Button Fun-Prefix.pch"; sourceTree = "<group>"; };
		003484AE17E0423F00F89020 /* BIDAppDelegate.h */ = {isa = PBXFileReference; lastKnownFileType = sourcecode.c.h; path = BIDAppDelegate.h; sourceTree = "<group>"; };
		003484AF17E0423F00F89020 /* BIDAppDelegate.m */ = {isa = PBXFileReference; lastKnownFileType = sourcecode.c.objc; path = BIDAppDelegate.m; sourceTree = "<group>"; };
		003484B117E0423F00F89020 /* BIDViewController.h */ = {isa = PBXFileReference; lastKnownFileType = sourcecode.c.h; path = BIDViewController.h; sourceTree = "<group>"; };
		003484B217E0423F00F89020 /* BIDViewController.m */ = {isa = PBXFileReference; lastKnownFileType = sourcecode.c.objc; path = BIDViewController.m; sourceTree = "<group>"; };
		003484B517E0423F00F89020 /* en */ = {isa = PBXFileReference; lastKnownFileType = file.xib; name = en; path = en.lproj/BIDViewController.xib; sourceTree = "<group>"; };
/* End PBXFileReference section */

/* Begin PBXFrameworksBuildPhase section */
		0034849817E0423F00F89020 /* Frameworks */ = {
			isa = PBXFrameworksBuildPhase;
			buildActionMask = 2147483647;
			files = (
				003484A017E0423F00F89020 /* UIKit.framework in Frameworks */,
				003484A217E0423F00F89020 /* Foundation.framework in Frameworks */,
				003484A417E0423F00F89020 /* CoreGraphics.framework in Frameworks */,
			);
			runOnlyForDeploymentPostprocessing = 0;
		};
/* End PBXFrameworksBuildPhase section */

/* Begin PBXGroup section */
		0034849017E0423F00F89020 = {
			isa = PBXGroup;
			children = (
				003484A517E0423F00F89020 /* Button Fun */,
				0034849E17E0423F00F89020 /* Frameworks */,
				0034849C17E0423F00F89020 /* Products */,
			);
			sourceTree = "<group>";
		};
		0034849C17E0423F00F89020 /* Products */ = {
			isa = PBXGroup;
			children = (
				0034849B17E0423F00F89020 /* Button Fun.app */,
			);
			name = Products;
			sourceTree = "<group>";
		};
		0034849E17E0423F00F89020 /* Frameworks */ = {
			isa = PBXGroup;
			children = (
				0034849F17E0423F00F89020 /* UIKit.framework */,
				003484A117E0423F00F89020 /* Foundation.framework */,
				003484A317E0423F00F89020 /* CoreGraphics.framework */,
			);
			name = Frameworks;
			sourceTree = "<group>";
		};
		003484A517E0423F00F89020 /* Button Fun */ = {
			isa = PBXGroup;
			children = (
				003484AE17E0423F00F89020 /* BIDAppDelegate.h */,
				003484AF17E0423F00F89020 /* BIDAppDelegate.m */,
				003484B117E0423F00F89020 /* BIDViewController.h */,
				003484B217E0423F00F89020 /* BIDViewController.m */,
				003484B417E0423F00F89020 /* BIDViewController.xib */,
				003484A617E0423F00F89020 /* Supporting Files */,
			);
			path = "Button Fun";
			sourceTree = "<group>";
		};
		003484A617E0423F00F89020 /* Supporting Files */ = {
			isa = PBXGroup;
			children = (
				003484A717E0423F00F89020 /* Button Fun-Info.plist */,
				003484A817E0423F00F89020 /* InfoPlist.strings */,
				003484AB17E0423F00F89020 /* main.m */,
				003484AD17E0423F00F89020 /* Button Fun-Prefix.pch */,
			);
			name = "Supporting Files";
			sourceTree = "<group>";
		};
/* End PBXGroup section */

/* Begin PBXNativeTarget section */
		0034849A17E0423F00F89020 /* Button Fun */ = {
			isa = PBXNativeTarget;
			buildConfigurationList = 003484B917E0423F00F89020 /* Build configuration list for PBXNativeTarget "Button Fun" */;
			buildPhases = (
				0034849717E0423F00F89020 /* Sources */,
				0034849817E0423F00F89020 /* Frameworks */,
				0034849917E0423F00F89020 /* Resources */,
			);
			buildRules = (
			);
			dependencies = (
			);
			name = "Button Fun";
			productName = "Button Fun";
			productReference = 0034849B17E0423F00F89020 /* Button Fun.app */;
			productType = "com.apple.product-type.application";
		};
/* End PBXNativeTarget section */

/* Begin PBXProject section */
		0034849217E0423F00F89020 /* Project object */ = {
			isa = PBXProject;
			attributes = {
				LastUpgradeCheck = 0420;
			};
			buildConfigurationList = 0034849517E0423F00F89020 /* Build configuration list for PBXProject "Button Fun" */;
			compatibilityVersion = "Xcode 3.2";
			developmentRegion = English;
			hasScannedForEncodings = 0;
			knownRegions = (
				en,
			);
			mainGroup = 0034849017E0423F00F89020;
			productRefGroup = 0034849C17E0423F00F89020 /* Products */;
			projectDirPath = "";
			projectRoot = "";
			targets = (
				0034849A17E0423F00F89020 /* Button Fun */,
			);
		};
/* End PBXProject section */

/* Begin PBXResourcesBuildPhase section */
		0034849917E0423F00F89020 /* Resources */ = {
			isa = PBXResourcesBuildPhase;
			buildActionMask = 2147483647;
			files = (
				003484AA17E0423F00F89020 /* InfoPlist.strings in Resources */,
				003484B617E0423F00F89020 /* BIDViewController.xib in Resources */,
			);
			runOnlyForDeploymentPostprocessing = 0;
		};
/* End PBXResourcesBuildPhase section */

/* Begin PBXSourcesBuildPhase section */
		0034849717E0423F00F89020 /* Sources */ = {
			isa = PBXSourcesBuildPhase;
			buildActionMask = 2147483647;
			files = (
				003484AC17E0423F00F89020 /* main.m in Sources */,
				003484B017E0423F00F89020 /* BIDAppDelegate.m in Sources */,
				003484B317E0423F00F89020 /* BIDViewController.m in Sources */,
			);
			runOnlyForDeploymentPostprocessing = 0;
		};
/* End PBXSourcesBuildPhase section */

/* Begin PBXVariantGroup section */
		003484A817E0423F00F89020 /* InfoPlist.strings */ = {
			isa = PBXVariantGroup;
			children = (
				003484A917E0423F00F89020 /* en */,
			);
			name = InfoPlist.strings;
			sourceTree = "<group>";
		};
		003484B417E0423F00F89020 /* BIDViewController.xib */ = {
			isa = PBXVariantGroup;
			children = (
				003484B517E0423F00F89020 /* en */,
			);
			name = BIDViewController.xib;
			sourceTree = "<group>";
		};
/* End PBXVariantGroup section */

/* Begin XCBuildConfiguration section */
		003484B717E0423F00F89020 /* Debug */ = {
			isa = XCBuildConfiguration;
			buildSettings = {
				ALWAYS_SEARCH_USER_PATHS = NO;
				ARCHS = "$(ARCHS_STANDARD_32_BIT)";
				CLANG_ENABLE_OBJC_ARC = YES;
				"CODE_SIGN_IDENTITY[sdk=iphoneos*]" = "iPhone Developer";
				COPY_PHASE_STRIP = NO;
				GCC_C_LANGUAGE_STANDARD = gnu99;
				GCC_DYNAMIC_NO_PIC = NO;
				GCC_OPTIMIZATION_LEVEL = 0;
				GCC_PREPROCESSOR_DEFINITIONS = (
					"DEBUG=1",
					"$(inherited)",
				);
				GCC_SYMBOLS_PRIVATE_EXTERN = NO;
				GCC_VERSION = com.apple.compilers.llvm.clang.1_0;
				GCC_WARN_ABOUT_MISSING_PROTOTYPES = YES;
				GCC_WARN_ABOUT_RETURN_TYPE = YES;
				GCC_WARN_UNUSED_VARIABLE = YES;
				IPHONEOS_DEPLOYMENT_TARGET = 5.0;
				SDKROOT = iphoneos;
			};
			name = Debug;
		};
		003484B817E0423F00F89020 /* Release */ = {
			isa = XCBuildConfiguration;
			buildSettings = {
				ALWAYS_SEARCH_USER_PATHS = NO;
				ARCHS = "$(ARCHS_STANDARD_32_BIT)";
				CLANG_ENABLE_OBJC_ARC = YES;
				"CODE_SIGN_IDENTITY[sdk=iphoneos*]" = "iPhone Developer";
				COPY_PHASE_STRIP = YES;
				GCC_C_LANGUAGE_STANDARD = gnu99;
				GCC_VERSION = com.apple.compilers.llvm.clang.1_0;
				GCC_WARN_ABOUT_MISSING_PROTOTYPES = YES;
				GCC_WARN_ABOUT_RETURN_TYPE = YES;
				GCC_WARN_UNUSED_VARIABLE = YES;
				IPHONEOS_DEPLOYMENT_TARGET = 5.0;
				OTHER_CFLAGS = "-DNS_BLOCK_ASSERTIONS=1";
				SDKROOT = iphoneos;
				VALIDATE_PRODUCT = YES;
			};
			name = Release;
		};
		003484BA17E0423F00F89020 /* Debug */ = {
			isa = XCBuildConfiguration;
			buildSettings = {
				GCC_PRECOMPILE_PREFIX_HEADER = YES;
				GCC_PREFIX_HEADER = "Button Fun/Button Fun-Prefix.pch";
				INFOPLIST_FILE = "Button Fun/Button Fun-Info.plist";
				PRODUCT_NAME = "$(TARGET_NAME)";
				WRAPPER_EXTENSION = app;
			};
			name = Debug;
		};
		003484BB17E0423F00F89020 /* Release */ = {
			isa = XCBuildConfiguration;
			buildSettings = {
				GCC_PRECOMPILE_PREFIX_HEADER = YES;
				GCC_PREFIX_HEADER = "Button Fun/Button Fun-Prefix.pch";
				INFOPLIST_FILE = "Button Fun/Button Fun-Info.plist";
				PRODUCT_NAME = "$(TARGET_NAME)";
				WRAPPER_EXTENSION = app;
			};
			name = Release;
		};
/* End XCBuildConfiguration section */

/* Begin XCConfigurationList section */
		0034849517E0423F00F89020 /* Build configuration list for PBXProject "Button Fun" */ = {
			isa = XCConfigurationList;
			buildConfigurations = (
				003484B717E0423F00F89020 /* Debug */,
				003484B817E0423F00F89020 /* Release */,
			);
			defaultConfigurationIsVisible = 0;
			defaultConfigurationName = Release;
		};
		003484B917E0423F00F89020 /* Build configuration list for PBXNativeTarget "Button Fun" */ = {
			isa = XCConfigurationList;
			buildConfigurations = (
				003484BA17E0423F00F89020 /* Debug */,
				003484BB17E0423F00F89020 /* Release */,
			);
			defaultConfigurationIsVisible = 0;
		};
/* End XCConfigurationList section */
	};
	rootObject = 0034849217E0423F00F89020 /* Project object */;
}
